{
  "lockfileVersion": 1,
  "workspaces": {
    "": {
      "name": "@dina/stimulus-dynamic-loader",
      "devDependencies": {
        "@hotwired/stimulus": "^3.2.2",
        "typescript": "^5.3.3",
      },
      "peerDependencies": {
        "@hotwired/stimulus": "^3.0.0",
      },
    },
  },
  "packages": {
    "@hotwired/stimulus": ["@hotwired/stimulus@3.2.2", "", {}, "sha512-eGeIqNOQpXoPAIP7tC1+1Yc1yl1xnwYqg+3mzqxyrbE5pg5YFBZcA6YoTiByJB6DKAEsiWtl6tjTJS4IYtbB7A=="],

    "typescript": ["typescript@5.9.3", "", { "bin": { "tsc": "bin/tsc", "tsserver": "bin/tsserver" } }, "sha512-jl1vZzPDinLr9eUt3J/t7V6FgNEw9QjvBPdysz9KfQDD41fQrC2Y4vKQdiaUpFT4bXlb1RHhLpp8wtm6M5TgSw=="],
  }
}
